// !$*UTF8*$!
{
	archiveVersion = 1;
	classes = {
	};
	objectVersion = 50;
	objects = {

/* Begin PBXBuildFile section */
		60AFA73C2419668F00460A5A /* ImageDownloadManager.swift in Sources */ = {isa = PBXBuildFile; fileRef = 60AFA73B2419668F00460A5A /* ImageDownloadManager.swift */; };
		60AFA73E241966DB00460A5A /* CacheManager.swift in Sources */ = {isa = PBXBuildFile; fileRef = 60AFA73D241966DB00460A5A /* CacheManager.swift */; };
		60AFA74024196D7F00460A5A /* ArticlesDetailViewModel.swift in Sources */ = {isa = PBXBuildFile; fileRef = 60AFA73F24196D7F00460A5A /* ArticlesDetailViewModel.swift */; };
		60B203EA241924F300076969 /* AppDelegate.swift in Sources */ = {isa = PBXBuildFile; fileRef = 60B203E9241924F300076969 /* AppDelegate.swift */; };
		60B203F3241924F300076969 /* Main.storyboard in Resources */ = {isa = PBXBuildFile; fileRef = 60B203F1241924F300076969 /* Main.storyboard */; };
		60B203F5241924F500076969 /* Assets.xcassets in Resources */ = {isa = PBXBuildFile; fileRef = 60B203F4241924F500076969 /* Assets.xcassets */; };
		60B203F8241924F500076969 /* LaunchScreen.storyboard in Resources */ = {isa = PBXBuildFile; fileRef = 60B203F6241924F500076969 /* LaunchScreen.storyboard */; };
		60B2040E241924F500076969 /* NYTimesPopularArticlesUITests.swift in Sources */ = {isa = PBXBuildFile; fileRef = 60B2040D241924F500076969 /* NYTimesPopularArticlesUITests.swift */; };
		60B2041D2419266800076969 /* ArticlesListViewController.swift in Sources */ = {isa = PBXBuildFile; fileRef = 60B2041C2419266800076969 /* ArticlesListViewController.swift */; };
		60B2041F2419270500076969 /* ArticlesDetailViewController.swift in Sources */ = {isa = PBXBuildFile; fileRef = 60B2041E2419270500076969 /* ArticlesDetailViewController.swift */; };
		60B204232419297100076969 /* BaseRequest.swift in Sources */ = {isa = PBXBuildFile; fileRef = 60B204222419297100076969 /* BaseRequest.swift */; };
		60B20425241929A500076969 /* ArticlesListGetManager.swift in Sources */ = {isa = PBXBuildFile; fileRef = 60B20424241929A500076969 /* ArticlesListGetManager.swift */; };
		60B20427241929B600076969 /* NetworkManager.swift in Sources */ = {isa = PBXBuildFile; fileRef = 60B20426241929B600076969 /* NetworkManager.swift */; };
		60B20429241929D100076969 /* Reachability.swift in Sources */ = {isa = PBXBuildFile; fileRef = 60B20428241929D100076969 /* Reachability.swift */; };
		60B2042C24192A2700076969 /* AppConstants.swift in Sources */ = {isa = PBXBuildFile; fileRef = 60B2042B24192A2700076969 /* AppConstants.swift */; };
		60B2042E24192A3F00076969 /* Extensions.swift in Sources */ = {isa = PBXBuildFile; fileRef = 60B2042D24192A3F00076969 /* Extensions.swift */; };
		60B2043024192C0A00076969 /* ArticlesListResponseModel.swift in Sources */ = {isa = PBXBuildFile; fileRef = 60B2042F24192C0A00076969 /* ArticlesListResponseModel.swift */; };
		60B204342419306D00076969 /* ArticlesListViewModel.swift in Sources */ = {isa = PBXBuildFile; fileRef = 60B204332419306D00076969 /* ArticlesListViewModel.swift */; };
		60B204362419360200076969 /* ArticleListViewCell.swift in Sources */ = {isa = PBXBuildFile; fileRef = 60B204352419360200076969 /* ArticleListViewCell.swift */; };
		60D5152F2419809000B399D7 /* BaseTests.swift in Sources */ = {isa = PBXBuildFile; fileRef = 60D5152E2419809000B399D7 /* BaseTests.swift */; };
		60D51531241982B200B399D7 /* ArticlesListViewTests.swift in Sources */ = {isa = PBXBuildFile; fileRef = 60D51530241982B200B399D7 /* ArticlesListViewTests.swift */; };
		60D5153324198D8000B399D7 /* ArticlesDetailViewTests.swift in Sources */ = {isa = PBXBuildFile; fileRef = 60D5153224198D8000B399D7 /* ArticlesDetailViewTests.swift */; };
		60D515352419959500B399D7 /* NetworkTests.swift in Sources */ = {isa = PBXBuildFile; fileRef = 60D515342419959500B399D7 /* NetworkTests.swift */; };
/* End PBXBuildFile section */

/* Begin PBXContainerItemProxy section */
		60B203FF241924F500076969 /* PBXContainerItemProxy */ = {
			isa = PBXContainerItemProxy;
			containerPortal = 60B203DE241924F300076969 /* Project object */;
			proxyType = 1;
			remoteGlobalIDString = 60B203E5241924F300076969;
			remoteInfo = NYTimesPopularArticles;
		};
		60B2040A241924F500076969 /* PBXContainerItemProxy */ = {
			isa = PBXContainerItemProxy;
			containerPortal = 60B203DE241924F300076969 /* Project object */;
			proxyType = 1;
			remoteGlobalIDString = 60B203E5241924F300076969;
			remoteInfo = NYTimesPopularArticles;
		};
/* End PBXContainerItemProxy section */

/* Begin PBXFileReference section */
		60AFA73B2419668F00460A5A /* ImageDownloadManager.swift */ = {isa = PBXFileReference; lastKnownFileType = sourcecode.swift; path = ImageDownloadManager.swift; sourceTree = "<group>"; };
		60AFA73D241966DB00460A5A /* CacheManager.swift */ = {isa = PBXFileReference; lastKnownFileType = sourcecode.swift; path = CacheManager.swift; sourceTree = "<group>"; };
		60AFA73F24196D7F00460A5A /* ArticlesDetailViewModel.swift */ = {isa = PBXFileReference; lastKnownFileType = sourcecode.swift; path = ArticlesDetailViewModel.swift; sourceTree = "<group>"; };
		60B203E6241924F300076969 /* NYTimesPopularArticles.app */ = {isa = PBXFileReference; explicitFileType = wrapper.application; includeInIndex = 0; path = NYTimesPopularArticles.app; sourceTree = BUILT_PRODUCTS_DIR; };
		60B203E9241924F300076969 /* AppDelegate.swift */ = {isa = PBXFileReference; lastKnownFileType = sourcecode.swift; path = AppDelegate.swift; sourceTree = "<group>"; };
		60B203F2241924F300076969 /* Base */ = {isa = PBXFileReference; lastKnownFileType = file.storyboard; name = Base; path = Base.lproj/Main.storyboard; sourceTree = "<group>"; };
		60B203F4241924F500076969 /* Assets.xcassets */ = {isa = PBXFileReference; lastKnownFileType = folder.assetcatalog; path = Assets.xcassets; sourceTree = "<group>"; };
		60B203F7241924F500076969 /* Base */ = {isa = PBXFileReference; lastKnownFileType = file.storyboard; name = Base; path = Base.lproj/LaunchScreen.storyboard; sourceTree = "<group>"; };
		60B203F9241924F500076969 /* Info.plist */ = {isa = PBXFileReference; lastKnownFileType = text.plist.xml; path = Info.plist; sourceTree = "<group>"; };
		60B203FE241924F500076969 /* NYTimesPopularArticlesTests.xctest */ = {isa = PBXFileReference; explicitFileType = wrapper.cfbundle; includeInIndex = 0; path = NYTimesPopularArticlesTests.xctest; sourceTree = BUILT_PRODUCTS_DIR; };
		60B20404241924F500076969 /* Info.plist */ = {isa = PBXFileReference; lastKnownFileType = text.plist.xml; path = Info.plist; sourceTree = "<group>"; };
		60B20409241924F500076969 /* NYTimesPopularArticlesUITests.xctest */ = {isa = PBXFileReference; explicitFileType = wrapper.cfbundle; includeInIndex = 0; path = NYTimesPopularArticlesUITests.xctest; sourceTree = BUILT_PRODUCTS_DIR; };
		60B2040D241924F500076969 /* NYTimesPopularArticlesUITests.swift */ = {isa = PBXFileReference; lastKnownFileType = sourcecode.swift; path = NYTimesPopularArticlesUITests.swift; sourceTree = "<group>"; };
		60B2040F241924F500076969 /* Info.plist */ = {isa = PBXFileReference; lastKnownFileType = text.plist.xml; path = Info.plist; sourceTree = "<group>"; };
		60B2041C2419266800076969 /* ArticlesListViewController.swift */ = {isa = PBXFileReference; lastKnownFileType = sourcecode.swift; path = ArticlesListViewController.swift; sourceTree = "<group>"; };
		60B2041E2419270500076969 /* ArticlesDetailViewController.swift */ = {isa = PBXFileReference; lastKnownFileType = sourcecode.swift; path = ArticlesDetailViewController.swift; sourceTree = "<group>"; };
		60B204222419297100076969 /* BaseRequest.swift */ = {isa = PBXFileReference; lastKnownFileType = sourcecode.swift; path = BaseRequest.swift; sourceTree = "<group>"; };
		60B20424241929A500076969 /* ArticlesListGetManager.swift */ = {isa = PBXFileReference; lastKnownFileType = sourcecode.swift; path = ArticlesListGetManager.swift; sourceTree = "<group>"; };
		60B20426241929B600076969 /* NetworkManager.swift */ = {isa = PBXFileReference; lastKnownFileType = sourcecode.swift; path = NetworkManager.swift; sourceTree = "<group>"; };
		60B20428241929D100076969 /* Reachability.swift */ = {isa = PBXFileReference; lastKnownFileType = sourcecode.swift; path = Reachability.swift; sourceTree = "<group>"; };
		60B2042B24192A2700076969 /* AppConstants.swift */ = {isa = PBXFileReference; lastKnownFileType = sourcecode.swift; path = AppConstants.swift; sourceTree = "<group>"; };
		60B2042D24192A3F00076969 /* Extensions.swift */ = {isa = PBXFileReference; lastKnownFileType = sourcecode.swift; path = Extensions.swift; sourceTree = "<group>"; };
		60B2042F24192C0A00076969 /* ArticlesListResponseModel.swift */ = {isa = PBXFileReference; lastKnownFileType = sourcecode.swift; path = ArticlesListResponseModel.swift; sourceTree = "<group>"; };
		60B204332419306D00076969 /* ArticlesListViewModel.swift */ = {isa = PBXFileReference; lastKnownFileType = sourcecode.swift; path = ArticlesListViewModel.swift; sourceTree = "<group>"; };
		60B204352419360200076969 /* ArticleListViewCell.swift */ = {isa = PBXFileReference; lastKnownFileType = sourcecode.swift; path = ArticleListViewCell.swift; sourceTree = "<group>"; };
		60D5152E2419809000B399D7 /* BaseTests.swift */ = {isa = PBXFileReference; lastKnownFileType = sourcecode.swift; path = BaseTests.swift; sourceTree = "<group>"; };
		60D51530241982B200B399D7 /* ArticlesListViewTests.swift */ = {isa = PBXFileReference; lastKnownFileType = sourcecode.swift; path = ArticlesListViewTests.swift; sourceTree = "<group>"; };
		60D5153224198D8000B399D7 /* ArticlesDetailViewTests.swift */ = {isa = PBXFileReference; lastKnownFileType = sourcecode.swift; path = ArticlesDetailViewTests.swift; sourceTree = "<group>"; };
		60D515342419959500B399D7 /* NetworkTests.swift */ = {isa = PBXFileReference; lastKnownFileType = sourcecode.swift; path = NetworkTests.swift; sourceTree = "<group>"; };
/* End PBXFileReference section */

/* Begin PBXFrameworksBuildPhase section */
		60B203E3241924F300076969 /* Frameworks */ = {
			isa = PBXFrameworksBuildPhase;
			buildActionMask = 2147483647;
			files = (
			);
			runOnlyForDeploymentPostprocessing = 0;
		};
		60B203FB241924F500076969 /* Frameworks */ = {
			isa = PBXFrameworksBuildPhase;
			buildActionMask = 2147483647;
			files = (
			);
			runOnlyForDeploymentPostprocessing = 0;
		};
		60B20406241924F500076969 /* Frameworks */ = {
			isa = PBXFrameworksBuildPhase;
			buildActionMask = 2147483647;
			files = (
			);
			runOnlyForDeploymentPostprocessing = 0;
		};
/* End PBXFrameworksBuildPhase section */

/* Begin PBXGroup section */
		60B203DD241924F300076969 = {
			isa = PBXGroup;
			children = (
				60B203E8241924F300076969 /* NYTimesPopularArticles */,
				60B20401241924F500076969 /* NYTimesPopularArticlesTests */,
				60B2040C241924F500076969 /* NYTimesPopularArticlesUITests */,
				60B203E7241924F300076969 /* Products */,
			);
			sourceTree = "<group>";
		};
		60B203E7241924F300076969 /* Products */ = {
			isa = PBXGroup;
			children = (
				60B203E6241924F300076969 /* NYTimesPopularArticles.app */,
				60B203FE241924F500076969 /* NYTimesPopularArticlesTests.xctest */,
				60B20409241924F500076969 /* NYTimesPopularArticlesUITests.xctest */,
			);
			name = Products;
			sourceTree = "<group>";
		};
		60B203E8241924F300076969 /* NYTimesPopularArticles */ = {
			isa = PBXGroup;
			children = (
				60B204372419360700076969 /* Views */,
				60B204322419304B00076969 /* ViewModels */,
				60B2043124192C0F00076969 /* Models */,
				60B2042A24192A0700076969 /* Utils */,
				60B204202419293E00076969 /* Network */,
				60B2041B2419263800076969 /* Controllers */,
				60B203E9241924F300076969 /* AppDelegate.swift */,
				60B203F1241924F300076969 /* Main.storyboard */,
				60B203F4241924F500076969 /* Assets.xcassets */,
				60B203F6241924F500076969 /* LaunchScreen.storyboard */,
				60B203F9241924F500076969 /* Info.plist */,
			);
			path = NYTimesPopularArticles;
			sourceTree = "<group>";
		};
		60B20401241924F500076969 /* NYTimesPopularArticlesTests */ = {
			isa = PBXGroup;
			children = (
				60D5152E2419809000B399D7 /* BaseTests.swift */,
				60B20404241924F500076969 /* Info.plist */,
				60D51530241982B200B399D7 /* ArticlesListViewTests.swift */,
				60D5153224198D8000B399D7 /* ArticlesDetailViewTests.swift */,
				60D515342419959500B399D7 /* NetworkTests.swift */,
			);
			path = NYTimesPopularArticlesTests;
			sourceTree = "<group>";
		};
		60B2040C241924F500076969 /* NYTimesPopularArticlesUITests */ = {
			isa = PBXGroup;
			children = (
				60B2040D241924F500076969 /* NYTimesPopularArticlesUITests.swift */,
				60B2040F241924F500076969 /* Info.plist */,
			);
			path = NYTimesPopularArticlesUITests;
			sourceTree = "<group>";
		};
		60B2041B2419263800076969 /* Controllers */ = {
			isa = PBXGroup;
			children = (
				60B2041C2419266800076969 /* ArticlesListViewController.swift */,
				60B2041E2419270500076969 /* ArticlesDetailViewController.swift */,
			);
			path = Controllers;
			sourceTree = "<group>";
		};
		60B204202419293E00076969 /* Network */ = {
			isa = PBXGroup;
			children = (
				60B204212419295300076969 /* Requests */,
				60B20426241929B600076969 /* NetworkManager.swift */,
				60B20428241929D100076969 /* Reachability.swift */,
				60AFA73D241966DB00460A5A /* CacheManager.swift */,
			);
			path = Network;
			sourceTree = "<group>";
		};
		60B204212419295300076969 /* Requests */ = {
			isa = PBXGroup;
			children = (
				60B204222419297100076969 /* BaseRequest.swift */,
				60B20424241929A500076969 /* ArticlesListGetManager.swift */,
				60AFA73B2419668F00460A5A /* ImageDownloadManager.swift */,
			);
			path = Requests;
			sourceTree = "<group>";
		};
		60B2042A24192A0700076969 /* Utils */ = {
			isa = PBXGroup;
			children = (
				60B2042B24192A2700076969 /* AppConstants.swift */,
				60B2042D24192A3F00076969 /* Extensions.swift */,
			);
			path = Utils;
			sourceTree = "<group>";
		};
		60B2043124192C0F00076969 /* Models */ = {
			isa = PBXGroup;
			children = (
				60B2042F24192C0A00076969 /* ArticlesListResponseModel.swift */,
			);
			path = Models;
			sourceTree = "<group>";
		};
		60B204322419304B00076969 /* ViewModels */ = {
			isa = PBXGroup;
			children = (
				60B204332419306D00076969 /* ArticlesListViewModel.swift */,
				60AFA73F24196D7F00460A5A /* ArticlesDetailViewModel.swift */,
			);
			path = ViewModels;
			sourceTree = "<group>";
		};
		60B204372419360700076969 /* Views */ = {
			isa = PBXGroup;
			children = (
				60B204352419360200076969 /* ArticleListViewCell.swift */,
			);
			path = Views;
			sourceTree = "<group>";
		};
/* End PBXGroup section */

/* Begin PBXNativeTarget section */
		60B203E5241924F300076969 /* NYTimesPopularArticles */ = {
			isa = PBXNativeTarget;
			buildConfigurationList = 60B20412241924F500076969 /* Build configuration list for PBXNativeTarget "NYTimesPopularArticles" */;
			buildPhases = (
				60B203E2241924F300076969 /* Sources */,
				60B203E3241924F300076969 /* Frameworks */,
				60B203E4241924F300076969 /* Resources */,
			);
			buildRules = (
			);
			dependencies = (
			);
			name = NYTimesPopularArticles;
			productName = NYTimesPopularArticles;
			productReference = 60B203E6241924F300076969 /* NYTimesPopularArticles.app */;
			productType = "com.apple.product-type.application";
		};
		60B203FD241924F500076969 /* NYTimesPopularArticlesTests */ = {
			isa = PBXNativeTarget;
			buildConfigurationList = 60B20415241924F500076969 /* Build configuration list for PBXNativeTarget "NYTimesPopularArticlesTests" */;
			buildPhases = (
				60B203FA241924F500076969 /* Sources */,
				60B203FB241924F500076969 /* Frameworks */,
				60B203FC241924F500076969 /* Resources */,
			);
			buildRules = (
			);
			dependencies = (
				60B20400241924F500076969 /* PBXTargetDependency */,
			);
			name = NYTimesPopularArticlesTests;
			productName = NYTimesPopularArticlesTests;
			productReference = 60B203FE241924F500076969 /* NYTimesPopularArticlesTests.xctest */;
			productType = "com.apple.product-type.bundle.unit-test";
		};
		60B20408241924F500076969 /* NYTimesPopularArticlesUITests */ = {
			isa = PBXNativeTarget;
			buildConfigurationList = 60B20418241924F500076969 /* Build configuration list for PBXNativeTarget "NYTimesPopularArticlesUITests" */;
			buildPhases = (
				60B20405241924F500076969 /* Sources */,
				60B20406241924F500076969 /* Frameworks */,
				60B20407241924F500076969 /* Resources */,
			);
			buildRules = (
			);
			dependencies = (
				60B2040B241924F500076969 /* PBXTargetDependency */,
			);
			name = NYTimesPopularArticlesUITests;
			productName = NYTimesPopularArticlesUITests;
			productReference = 60B20409241924F500076969 /* NYTimesPopularArticlesUITests.xctest */;
			productType = "com.apple.product-type.bundle.ui-testing";
		};
/* End PBXNativeTarget section */

/* Begin PBXProject section */
		60B203DE241924F300076969 /* Project object */ = {
			isa = PBXProject;
			attributes = {
				LastSwiftUpdateCheck = 1120;
				LastUpgradeCheck = 1120;
				ORGANIZATIONNAME = "Venugopalan, Vimal";
				TargetAttributes = {
					60B203E5241924F300076969 = {
						CreatedOnToolsVersion = 11.2.1;
					};
					60B203FD241924F500076969 = {
						CreatedOnToolsVersion = 11.2.1;
						TestTargetID = 60B203E5241924F300076969;
					};
					60B20408241924F500076969 = {
						CreatedOnToolsVersion = 11.2.1;
						TestTargetID = 60B203E5241924F300076969;
					};
				};
			};
			buildConfigurationList = 60B203E1241924F300076969 /* Build configuration list for PBXProject "NYTimesPopularArticles" */;
			compatibilityVersion = "Xcode 9.3";
			developmentRegion = en;
			hasScannedForEncodings = 0;
			knownRegions = (
				en,
				Base,
			);
			mainGroup = 60B203DD241924F300076969;
			productRefGroup = 60B203E7241924F300076969 /* Products */;
			projectDirPath = "";
			projectRoot = "";
			targets = (
				60B203E5241924F300076969 /* NYTimesPopularArticles */,
				60B203FD241924F500076969 /* NYTimesPopularArticlesTests */,
				60B20408241924F500076969 /* NYTimesPopularArticlesUITests */,
			);
		};
/* End PBXProject section */

/* Begin PBXResourcesBuildPhase section */
		60B203E4241924F300076969 /* Resources */ = {
			isa = PBXResourcesBuildPhase;
			buildActionMask = 2147483647;
			files = (
				60B203F8241924F500076969 /* LaunchScreen.storyboard in Resources */,
				60B203F5241924F500076969 /* Assets.xcassets in Resources */,
				60B203F3241924F300076969 /* Main.storyboard in Resources */,
			);
			runOnlyForDeploymentPostprocessing = 0;
		};
		60B203FC241924F500076969 /* Resources */ = {
			isa = PBXResourcesBuildPhase;
			buildActionMask = 2147483647;
			files = (
			);
			runOnlyForDeploymentPostprocessing = 0;
		};
		60B20407241924F500076969 /* Resources */ = {
			isa = PBXResourcesBuildPhase;
			buildActionMask = 2147483647;
			files = (
			);
			runOnlyForDeploymentPostprocessing = 0;
		};
/* End PBXResourcesBuildPhase section */

/* Begin PBXSourcesBuildPhase section */
		60B203E2241924F300076969 /* Sources */ = {
			isa = PBXSourcesBuildPhase;
			buildActionMask = 2147483647;
			files = (
				60B20429241929D100076969 /* Reachability.swift in Sources */,
				60B2043024192C0A00076969 /* ArticlesListResponseModel.swift in Sources */,
				60B2042E24192A3F00076969 /* Extensions.swift in Sources */,
				60B20427241929B600076969 /* NetworkManager.swift in Sources */,
				60B204232419297100076969 /* BaseRequest.swift in Sources */,
				60B204342419306D00076969 /* ArticlesListViewModel.swift in Sources */,
				60AFA73E241966DB00460A5A /* CacheManager.swift in Sources */,
				60AFA73C2419668F00460A5A /* ImageDownloadManager.swift in Sources */,
				60B2042C24192A2700076969 /* AppConstants.swift in Sources */,
				60B203EA241924F300076969 /* AppDelegate.swift in Sources */,
				60B2041D2419266800076969 /* ArticlesListViewController.swift in Sources */,
				60B20425241929A500076969 /* ArticlesListGetManager.swift in Sources */,
				60B2041F2419270500076969 /* ArticlesDetailViewController.swift in Sources */,
				60B204362419360200076969 /* ArticleListViewCell.swift in Sources */,
				60AFA74024196D7F00460A5A /* ArticlesDetailViewModel.swift in Sources */,
			);
			runOnlyForDeploymentPostprocessing = 0;
		};
		60B203FA241924F500076969 /* Sources */ = {
			isa = PBXSourcesBuildPhase;
			buildActionMask = 2147483647;
			files = (
				60D5153324198D8000B399D7 /* ArticlesDetailViewTests.swift in Sources */,
				60D5152F2419809000B399D7 /* BaseTests.swift in Sources */,
				60D515352419959500B399D7 /* NetworkTests.swift in Sources */,
				60D51531241982B200B399D7 /* ArticlesListViewTests.swift in Sources */,
			);
			runOnlyForDeploymentPostprocessing = 0;
		};
		60B20405241924F500076969 /* Sources */ = {
			isa = PBXSourcesBuildPhase;
			buildActionMask = 2147483647;
			files = (
				60B2040E241924F500076969 /* NYTimesPopularArticlesUITests.swift in Sources */,
			);
			runOnlyForDeploymentPostprocessing = 0;
		};
/* End PBXSourcesBuildPhase section */

/* Begin PBXTargetDependency section */
		60B20400241924F500076969 /* PBXTargetDependency */ = {
			isa = PBXTargetDependency;
			target = 60B203E5241924F300076969 /* NYTimesPopularArticles */;
			targetProxy = 60B203FF241924F500076969 /* PBXContainerItemProxy */;
		};
		60B2040B241924F500076969 /* PBXTargetDependency */ = {
			isa = PBXTargetDependency;
			target = 60B203E5241924F300076969 /* NYTimesPopularArticles */;
			targetProxy = 60B2040A241924F500076969 /* PBXContainerItemProxy */;
		};
/* End PBXTargetDependency section */

/* Begin PBXVariantGroup section */
		60B203F1241924F300076969 /* Main.storyboard */ = {
			isa = PBXVariantGroup;
			children = (
				60B203F2241924F300076969 /* Base */,
			);
			name = Main.storyboard;
			sourceTree = "<group>";
		};
		60B203F6241924F500076969 /* LaunchScreen.storyboard */ = {
			isa = PBXVariantGroup;
			children = (
				60B203F7241924F500076969 /* Base */,
			);
			name = LaunchScreen.storyboard;
			sourceTree = "<group>";
		};
/* End PBXVariantGroup section */

/* Begin XCBuildConfiguration section */
		60B20410241924F500076969 /* Debug */ = {
			isa = XCBuildConfiguration;
			buildSettings = {
				ALWAYS_SEARCH_USER_PATHS = NO;
				CLANG_ANALYZER_NONNULL = YES;
				CLANG_ANALYZER_NUMBER_OBJECT_CONVERSION = YES_AGGRESSIVE;
				CLANG_CXX_LANGUAGE_STANDARD = "gnu++14";
				CLANG_CXX_LIBRARY = "libc++";
				CLANG_ENABLE_MODULES = YES;
				CLANG_ENABLE_OBJC_ARC = YES;
				CLANG_ENABLE_OBJC_WEAK = YES;
				CLANG_WARN_BLOCK_CAPTURE_AUTORELEASING = YES;
				CLANG_WARN_BOOL_CONVERSION = YES;
				CLANG_WARN_COMMA = YES;
				CLANG_WARN_CONSTANT_CONVERSION = YES;
				CLANG_WARN_DEPRECATED_OBJC_IMPLEMENTATIONS = YES;
				CLANG_WARN_DIRECT_OBJC_ISA_USAGE = YES_ERROR;
				CLANG_WARN_DOCUMENTATION_COMMENTS = YES;
				CLANG_WARN_EMPTY_BODY = YES;
				CLANG_WARN_ENUM_CONVERSION = YES;
				CLANG_WARN_INFINITE_RECURSION = YES;
				CLANG_WARN_INT_CONVERSION = YES;
				CLANG_WARN_NON_LITERAL_NULL_CONVERSION = YES;
				CLANG_WARN_OBJC_IMPLICIT_RETAIN_SELF = YES;
				CLANG_WARN_OBJC_LITERAL_CONVERSION = YES;
				CLANG_WARN_OBJC_ROOT_CLASS = YES_ERROR;
				CLANG_WARN_RANGE_LOOP_ANALYSIS = YES;
				CLANG_WARN_STRICT_PROTOTYPES = YES;
				CLANG_WARN_SUSPICIOUS_MOVE = YES;
				CLANG_WARN_UNGUARDED_AVAILABILITY = YES_AGGRESSIVE;
				CLANG_WARN_UNREACHABLE_CODE = YES;
				CLANG_WARN__DUPLICATE_METHOD_MATCH = YES;
				COPY_PHASE_STRIP = NO;
				DEBUG_INFORMATION_FORMAT = dwarf;
				ENABLE_STRICT_OBJC_MSGSEND = YES;
				ENABLE_TESTABILITY = YES;
				GCC_C_LANGUAGE_STANDARD = gnu11;
				GCC_DYNAMIC_NO_PIC = NO;
				GCC_NO_COMMON_BLOCKS = YES;
				GCC_OPTIMIZATION_LEVEL = 0;
				GCC_PREPROCESSOR_DEFINITIONS = (
					"DEBUG=1",
					"$(inherited)",
				);
				GCC_WARN_64_TO_32_BIT_CONVERSION = YES;
				GCC_WARN_ABOUT_RETURN_TYPE = YES_ERROR;
				GCC_WARN_UNDECLARED_SELECTOR = YES;
				GCC_WARN_UNINITIALIZED_AUTOS = YES_AGGRESSIVE;
				GCC_WARN_UNUSED_FUNCTION = YES;
				GCC_WARN_UNUSED_VARIABLE = YES;
				IPHONEOS_DEPLOYMENT_TARGET = 13.2;
				MTL_ENABLE_DEBUG_INFO = INCLUDE_SOURCE;
				MTL_FAST_MATH = YES;
				ONLY_ACTIVE_ARCH = YES;
				SDKROOT = iphoneos;
				SWIFT_ACTIVE_COMPILATION_CONDITIONS = DEBUG;
				SWIFT_OPTIMIZATION_LEVEL = "-Onone";
			};
			name = Debug;
		};
		60B20411241924F500076969 /* Release */ = {
			isa = XCBuildConfiguration;
			buildSettings = {
				ALWAYS_SEARCH_USER_PATHS = NO;
				CLANG_ANALYZER_NONNULL = YES;
				CLANG_ANALYZER_NUMBER_OBJECT_CONVERSION = YES_AGGRESSIVE;
				CLANG_CXX_LANGUAGE_STANDARD = "gnu++14";
				CLANG_CXX_LIBRARY = "libc++";
				CLANG_ENABLE_MODULES = YES;
				CLANG_ENABLE_OBJC_ARC = YES;
				CLANG_ENABLE_OBJC_WEAK = YES;
				CLANG_WARN_BLOCK_CAPTURE_AUTORELEASING = YES;
				CLANG_WARN_BOOL_CONVERSION = YES;
				CLANG_WARN_COMMA = YES;
				CLANG_WARN_CONSTANT_CONVERSION = YES;
				CLANG_WARN_DEPRECATED_OBJC_IMPLEMENTATIONS = YES;
				CLANG_WARN_DIRECT_OBJC_ISA_USAGE = YES_ERROR;
				CLANG_WARN_DOCUMENTATION_COMMENTS = YES;
				CLANG_WARN_EMPTY_BODY = YES;
				CLANG_WARN_ENUM_CONVERSION = YES;
				CLANG_WARN_INFINITE_RECURSION = YES;
				CLANG_WARN_INT_CONVERSION = YES;
				CLANG_WARN_NON_LITERAL_NULL_CONVERSION = YES;
				CLANG_WARN_OBJC_IMPLICIT_RETAIN_SELF = YES;
				CLANG_WARN_OBJC_LITERAL_CONVERSION = YES;
				CLANG_WARN_OBJC_ROOT_CLASS = YES_ERROR;
				CLANG_WARN_RANGE_LOOP_ANALYSIS = YES;
				CLANG_WARN_STRICT_PROTOTYPES = YES;
				CLANG_WARN_SUSPICIOUS_MOVE = YES;
				CLANG_WARN_UNGUARDED_AVAILABILITY = YES_AGGRESSIVE;
				CLANG_WARN_UNREACHABLE_CODE = YES;
				CLANG_WARN__DUPLICATE_METHOD_MATCH = YES;
				COPY_PHASE_STRIP = NO;
				DEBUG_INFORMATION_FORMAT = "dwarf-with-dsym";
				ENABLE_NS_ASSERTIONS = NO;
				ENABLE_STRICT_OBJC_MSGSEND = YES;
				GCC_C_LANGUAGE_STANDARD = gnu11;
				GCC_NO_COMMON_BLOCKS = YES;
				GCC_WARN_64_TO_32_BIT_CONVERSION = YES;
				GCC_WARN_ABOUT_RETURN_TYPE = YES_ERROR;
				GCC_WARN_UNDECLARED_SELECTOR = YES;
				GCC_WARN_UNINITIALIZED_AUTOS = YES_AGGRESSIVE;
				GCC_WARN_UNUSED_FUNCTION = YES;
				GCC_WARN_UNUSED_VARIABLE = YES;
				IPHONEOS_DEPLOYMENT_TARGET = 13.2;
				MTL_ENABLE_DEBUG_INFO = NO;
				MTL_FAST_MATH = YES;
				SDKROOT = iphoneos;
				SWIFT_COMPILATION_MODE = wholemodule;
				SWIFT_OPTIMIZATION_LEVEL = "-O";
				VALIDATE_PRODUCT = YES;
			};
			name = Release;
		};
		60B20413241924F500076969 /* Debug */ = {
			isa = XCBuildConfiguration;
			buildSettings = {
				ASSETCATALOG_COMPILER_APPICON_NAME = AppIcon;
				CODE_SIGN_STYLE = Automatic;
				INFOPLIST_FILE = NYTimesPopularArticles/Info.plist;
				LD_RUNPATH_SEARCH_PATHS = (
					"$(inherited)",
					"@executable_path/Frameworks",
				);
				PRODUCT_BUNDLE_IDENTIFIER = Vimal.NYTimesPopularArticles;
				PRODUCT_NAME = "$(TARGET_NAME)";
				SWIFT_VERSION = 5.0;
				TARGETED_DEVICE_FAMILY = "1,2";
			};
			name = Debug;
		};
		60B20414241924F500076969 /* Release */ = {
			isa = XCBuildConfiguration;
			buildSettings = {
				ASSETCATALOG_COMPILER_APPICON_NAME = AppIcon;
				CODE_SIGN_STYLE = Automatic;
				INFOPLIST_FILE = NYTimesPopularArticles/Info.plist;
				LD_RUNPATH_SEARCH_PATHS = (
					"$(inherited)",
					"@executable_path/Frameworks",
				);
				PRODUCT_BUNDLE_IDENTIFIER = Vimal.NYTimesPopularArticles;
				PRODUCT_NAME = "$(TARGET_NAME)";
				SWIFT_VERSION = 5.0;
				TARGETED_DEVICE_FAMILY = "1,2";
			};
			name = Release;
		};
		60B20416241924F500076969 /* Debug */ = {
			isa = XCBuildConfiguration;
			buildSettings = {
				ALWAYS_EMBED_SWIFT_STANDARD_LIBRARIES = YES;
				BUNDLE_LOADER = "$(TEST_HOST)";
				CODE_SIGN_STYLE = Automatic;
				INFOPLIST_FILE = NYTimesPopularArticlesTests/Info.plist;
				IPHONEOS_DEPLOYMENT_TARGET = 13.2;
				LD_RUNPATH_SEARCH_PATHS = (
					"$(inherited)",
					"@executable_path/Frameworks",
					"@loader_path/Frameworks",
				);
				PRODUCT_BUNDLE_IDENTIFIER = Vimal.NYTimesPopularArticlesTests;
				PRODUCT_NAME = "$(TARGET_NAME)";
				SWIFT_VERSION = 5.0;
				TARGETED_DEVICE_FAMILY = "1,2";
				TEST_HOST = "$(BUILT_PRODUCTS_DIR)/NYTimesPopularArticles.app/NYTimesPopularArticles";
			};
			name = Debug;
		};
		60B20417241924F500076969 /* Release */ = {
			isa = XCBuildConfiguration;
			buildSettings = {
				ALWAYS_EMBED_SWIFT_STANDARD_LIBRARIES = YES;
				BUNDLE_LOADER = "$(TEST_HOST)";
				CODE_SIGN_STYLE = Automatic;
				INFOPLIST_FILE = NYTimesPopularArticlesTests/Info.plist;
				IPHONEOS_DEPLOYMENT_TARGET = 13.2;
				LD_RUNPATH_SEARCH_PATHS = (
					"$(inherited)",
					"@executable_path/Frameworks",
					"@loader_path/Frameworks",
				);
				PRODUCT_BUNDLE_IDENTIFIER = Vimal.NYTimesPopularArticlesTests;
				PRODUCT_NAME = "$(TARGET_NAME)";
				SWIFT_VERSION = 5.0;
				TARGETED_DEVICE_FAMILY = "1,2";
				TEST_HOST = "$(BUILT_PRODUCTS_DIR)/NYTimesPopularArticles.app/NYTimesPopularArticles";
			};
			name = Release;
		};
		60B20419241924F500076969 /* Debug */ = {
			isa = XCBuildConfiguration;
			buildSettings = {
				ALWAYS_EMBED_SWIFT_STANDARD_LIBRARIES = YES;
				CODE_SIGN_STYLE = Automatic;
				INFOPLIST_FILE = NYTimesPopularArticlesUITests/Info.plist;
				LD_RUNPATH_SEARCH_PATHS = (
					"$(inherited)",
					"@executable_path/Frameworks",
					"@loader_path/Frameworks",
				);
				PRODUCT_BUNDLE_IDENTIFIER = Vimal.NYTimesPopularArticlesUITests;
				PRODUCT_NAME = "$(TARGET_NAME)";
				SWIFT_VERSION = 5.0;
				TARGETED_DEVICE_FAMILY = "1,2";
				TEST_TARGET_NAME = NYTimesPopularArticles;
			};
			name = Debug;
		};
		60B2041A241924F500076969 /* Release */ = {
			isa = XCBuildConfiguration;
			buildSettings = {
				ALWAYS_EMBED_SWIFT_STANDARD_LIBRARIES = YES;
				CODE_SIGN_STYLE = Automatic;
				INFOPLIST_FILE = NYTimesPopularArticlesUITests/Info.plist;
				LD_RUNPATH_SEARCH_PATHS = (
					"$(inherited)",
					"@executable_path/Frameworks",
					"@loader_path/Frameworks",
				);
				PRODUCT_BUNDLE_IDENTIFIER = Vimal.NYTimesPopularArticlesUITests;
				PRODUCT_NAME = "$(TARGET_NAME)";
				SWIFT_VERSION = 5.0;
				TARGETED_DEVICE_FAMILY = "1,2";
				TEST_TARGET_NAME = NYTimesPopularArticles;
			};
			name = Release;
		};
/* End XCBuildConfiguration section */

/* Begin XCConfigurationList section */
		60B203E1241924F300076969 /* Build configuration list for PBXProject "NYTimesPopularArticles" */ = {
			isa = XCConfigurationList;
			buildConfigurations = (
				60B20410241924F500076969 /* Debug */,
				60B20411241924F500076969 /* Release */,
			);
			defaultConfigurationIsVisible = 0;
			defaultConfigurationName = Release;
		};
		60B20412241924F500076969 /* Build configuration list for PBXNativeTarget "NYTimesPopularArticles" */ = {
			isa = XCConfigurationList;
			buildConfigurations = (
				60B20413241924F500076969 /* Debug */,
				60B20414241924F500076969 /* Release */,
			);
			defaultConfigurationIsVisible = 0;
			defaultConfigurationName = Release;
		};
		60B20415241924F500076969 /* Build configuration list for PBXNativeTarget "NYTimesPopularArticlesTests" */ = {
			isa = XCConfigurationList;
			buildConfigurations = (
				60B20416241924F500076969 /* Debug */,
				60B20417241924F500076969 /* Release */,
			);
			defaultConfigurationIsVisible = 0;
			defaultConfigurationName = Release;
		};
		60B20418241924F500076969 /* Build configuration list for PBXNativeTarget "NYTimesPopularArticlesUITests" */ = {
			isa = XCConfigurationList;
			buildConfigurations = (
				60B20419241924F500076969 /* Debug */,
				60B2041A241924F500076969 /* Release */,
			);
			defaultConfigurationIsVisible = 0;
			defaultConfigurationName = Release;
		};
/* End XCConfigurationList section */
	};
	rootObject = 60B203DE241924F300076969 /* Project object */;
}
